
Microsoft Visual Studio Solution File, Format Version 12.00
# Visual Studio 15
VisualStudioVersion = 15.0.28307.539
MinimumVisualStudioVersion = 10.0.40219.1
Project("{FAE04EC0-301F-11D3-BF4B-00C04F79EFBC}") = "SignarRChat", "SignarRChat\SignarRChat.csproj", "{871ACB4B-68E6-41B7-83D5-8F7FEAE02F1E}"
EndProject
Global
	GlobalSection(SolutionConfigurationPlatforms) = preSolution
		Debug|Any CPU = Debug|Any CPU
		Release|Any CPU = Release|Any CPU
	EndGlobalSection
	GlobalSection(ProjectConfigurationPlatforms) = postSolution
		{871ACB4B-68E6-41B7-83D5-8F7FEAE02F1E}.Debug|Any CPU.ActiveCfg = Debug|Any CPU
		{871ACB4B-68E6-41B7-83D5-8F7FEAE02F1E}.Debug|Any CPU.Build.0 = Debug|Any CPU
		{871ACB4B-68E6-41B7-83D5-8F7FEAE02F1E}.Release|Any CPU.ActiveCfg = Release|Any CPU
		{871ACB4B-68E6-41B7-83D5-8F7FEAE02F1E}.Release|Any CPU.Build.0 = Release|Any CPU
	EndGlobalSection
	GlobalSection(SolutionProperties) = preSolution
		HideSolutionNode = FALSE
	EndGlobalSection
	GlobalSection(ExtensibilityGlobals) = postSolution
		SolutionGuid = {09CDCC80-7C8E-4DA8-B651-B1847BF36297}
	EndGlobalSection
EndGlobal
